// !$*UTF8*$!
{
	archiveVersion = 1;
	classes = {
	};
	objectVersion = 56;
	objects = {

/* Begin PBXBuildFile section */
		3423D1DE29CDEFB90005D35B /* UITextField+Extensions.swift in Sources */ = {isa = PBXBuildFile; fileRef = 3423D1DD29CDEFB90005D35B /* UITextField+Extensions.swift */; };
		3423D1E029CDF1580005D35B /* UILabel+Extensions.swift in Sources */ = {isa = PBXBuildFile; fileRef = 3423D1DF29CDF1580005D35B /* UILabel+Extensions.swift */; };
		3423D1E229CDF23F0005D35B /* UIImageView+Extensions.swift in Sources */ = {isa = PBXBuildFile; fileRef = 3423D1E129CDF23F0005D35B /* UIImageView+Extensions.swift */; };
		3423D1E429CDF43C0005D35B /* UIButton+Extensions.swift in Sources */ = {isa = PBXBuildFile; fileRef = 3423D1E329CDF43C0005D35B /* UIButton+Extensions.swift */; };
		3488106029C8CA890048E346 /* AppDelegate.swift in Sources */ = {isa = PBXBuildFile; fileRef = 3488105F29C8CA890048E346 /* AppDelegate.swift */; };
		3488106229C8CA890048E346 /* SceneDelegate.swift in Sources */ = {isa = PBXBuildFile; fileRef = 3488106129C8CA890048E346 /* SceneDelegate.swift */; };
		3488106429C8CA890048E346 /* LoginViewController.swift in Sources */ = {isa = PBXBuildFile; fileRef = 3488106329C8CA890048E346 /* LoginViewController.swift */; };
		3488106729C8CA890048E346 /* Main.storyboard in Resources */ = {isa = PBXBuildFile; fileRef = 3488106529C8CA890048E346 /* Main.storyboard */; };
		3488106929C8CA8B0048E346 /* Assets.xcassets in Resources */ = {isa = PBXBuildFile; fileRef = 3488106829C8CA8B0048E346 /* Assets.xcassets */; };
		3488106C29C8CA8B0048E346 /* LaunchScreen.storyboard in Resources */ = {isa = PBXBuildFile; fileRef = 3488106A29C8CA8B0048E346 /* LaunchScreen.storyboard */; };
		34A916B029CA1E9100977304 /* HomeViewController.swift in Sources */ = {isa = PBXBuildFile; fileRef = 34A916AF29CA1E9100977304 /* HomeViewController.swift */; };
		34A916B329CA243400977304 /* Utils.swift in Sources */ = {isa = PBXBuildFile; fileRef = 34A916B229CA243400977304 /* Utils.swift */; };
		34A916B629CA246700977304 /* UserModel.swift in Sources */ = {isa = PBXBuildFile; fileRef = 34A916B529CA246700977304 /* UserModel.swift */; };
		34A916B929CA251E00977304 /* Login.json in Resources */ = {isa = PBXBuildFile; fileRef = 34A916B829CA251E00977304 /* Login.json */; };
		34E52BCD2A51CF130029D1E0 /* LogInVRTests.swift in Sources */ = {isa = PBXBuildFile; fileRef = 34E52BCC2A51CF130029D1E0 /* LogInVRTests.swift */; };
		4FC61275B67B287D9CB4329B /* Pods_LogInVR.framework in Frameworks */ = {isa = PBXBuildFile; fileRef = 7DB4BAC2B467006A304C10B3 /* Pods_LogInVR.framework */; };
/* End PBXBuildFile section */

/* Begin PBXContainerItemProxy section */
		34E52BCE2A51CF130029D1E0 /* PBXContainerItemProxy */ = {
			isa = PBXContainerItemProxy;
			containerPortal = 3488105429C8CA890048E346 /* Project object */;
			proxyType = 1;
			remoteGlobalIDString = 3488105B29C8CA890048E346;
			remoteInfo = LogInVR;
		};
/* End PBXContainerItemProxy section */

/* Begin PBXFileReference section */
		3423D1DD29CDEFB90005D35B /* UITextField+Extensions.swift */ = {isa = PBXFileReference; lastKnownFileType = sourcecode.swift; path = "UITextField+Extensions.swift"; sourceTree = "<group>"; };
		3423D1DF29CDF1580005D35B /* UILabel+Extensions.swift */ = {isa = PBXFileReference; lastKnownFileType = sourcecode.swift; path = "UILabel+Extensions.swift"; sourceTree = "<group>"; };
		3423D1E129CDF23F0005D35B /* UIImageView+Extensions.swift */ = {isa = PBXFileReference; lastKnownFileType = sourcecode.swift; path = "UIImageView+Extensions.swift"; sourceTree = "<group>"; };
		3423D1E329CDF43C0005D35B /* UIButton+Extensions.swift */ = {isa = PBXFileReference; lastKnownFileType = sourcecode.swift; path = "UIButton+Extensions.swift"; sourceTree = "<group>"; };
		3488105C29C8CA890048E346 /* LogInVR.app */ = {isa = PBXFileReference; explicitFileType = wrapper.application; includeInIndex = 0; path = LogInVR.app; sourceTree = BUILT_PRODUCTS_DIR; };
		3488105F29C8CA890048E346 /* AppDelegate.swift */ = {isa = PBXFileReference; lastKnownFileType = sourcecode.swift; path = AppDelegate.swift; sourceTree = "<group>"; };
		3488106129C8CA890048E346 /* SceneDelegate.swift */ = {isa = PBXFileReference; lastKnownFileType = sourcecode.swift; path = SceneDelegate.swift; sourceTree = "<group>"; };
		3488106329C8CA890048E346 /* LoginViewController.swift */ = {isa = PBXFileReference; lastKnownFileType = sourcecode.swift; path = LoginViewController.swift; sourceTree = "<group>"; };
		3488106629C8CA890048E346 /* Base */ = {isa = PBXFileReference; lastKnownFileType = file.storyboard; name = Base; path = Base.lproj/Main.storyboard; sourceTree = "<group>"; };
		3488106829C8CA8B0048E346 /* Assets.xcassets */ = {isa = PBXFileReference; lastKnownFileType = folder.assetcatalog; path = Assets.xcassets; sourceTree = "<group>"; };
		3488106B29C8CA8B0048E346 /* Base */ = {isa = PBXFileReference; lastKnownFileType = file.storyboard; name = Base; path = Base.lproj/LaunchScreen.storyboard; sourceTree = "<group>"; };
		3488106D29C8CA8B0048E346 /* Info.plist */ = {isa = PBXFileReference; lastKnownFileType = text.plist.xml; path = Info.plist; sourceTree = "<group>"; };
		34A916AF29CA1E9100977304 /* HomeViewController.swift */ = {isa = PBXFileReference; lastKnownFileType = sourcecode.swift; path = HomeViewController.swift; sourceTree = "<group>"; };
		34A916B229CA243400977304 /* Utils.swift */ = {isa = PBXFileReference; lastKnownFileType = sourcecode.swift; path = Utils.swift; sourceTree = "<group>"; };
		34A916B529CA246700977304 /* UserModel.swift */ = {isa = PBXFileReference; lastKnownFileType = sourcecode.swift; path = UserModel.swift; sourceTree = "<group>"; };
		34A916B829CA251E00977304 /* Login.json */ = {isa = PBXFileReference; lastKnownFileType = text.json; path = Login.json; sourceTree = "<group>"; };
		34E52BCA2A51CF130029D1E0 /* LogInVRTests.xctest */ = {isa = PBXFileReference; explicitFileType = wrapper.cfbundle; includeInIndex = 0; path = LogInVRTests.xctest; sourceTree = BUILT_PRODUCTS_DIR; };
		34E52BCC2A51CF130029D1E0 /* LogInVRTests.swift */ = {isa = PBXFileReference; lastKnownFileType = sourcecode.swift; path = LogInVRTests.swift; sourceTree = "<group>"; };
		6ECE2C9CBC534B39989F97AC /* Pods-LogInVR.release.xcconfig */ = {isa = PBXFileReference; includeInIndex = 1; lastKnownFileType = text.xcconfig; name = "Pods-LogInVR.release.xcconfig"; path = "Target Support Files/Pods-LogInVR/Pods-LogInVR.release.xcconfig"; sourceTree = "<group>"; };
		7DB4BAC2B467006A304C10B3 /* Pods_LogInVR.framework */ = {isa = PBXFileReference; explicitFileType = wrapper.framework; includeInIndex = 0; path = Pods_LogInVR.framework; sourceTree = BUILT_PRODUCTS_DIR; };
		CFB5268244C35AA4AB4A1039 /* Pods-LogInVR.debug.xcconfig */ = {isa = PBXFileReference; includeInIndex = 1; lastKnownFileType = text.xcconfig; name = "Pods-LogInVR.debug.xcconfig"; path = "Target Support Files/Pods-LogInVR/Pods-LogInVR.debug.xcconfig"; sourceTree = "<group>"; };
/* End PBXFileReference section */

/* Begin PBXFrameworksBuildPhase section */
		3488105929C8CA890048E346 /* Frameworks */ = {
			isa = PBXFrameworksBuildPhase;
			buildActionMask = 2147483647;
			files = (
				4FC61275B67B287D9CB4329B /* Pods_LogInVR.framework in Frameworks */,
			);
			runOnlyForDeploymentPostprocessing = 0;
		};
		34E52BC72A51CF130029D1E0 /* Frameworks */ = {
			isa = PBXFrameworksBuildPhase;
			buildActionMask = 2147483647;
			files = (
			);
			runOnlyForDeploymentPostprocessing = 0;
		};
/* End PBXFrameworksBuildPhase section */

/* Begin PBXGroup section */
		3423D1DC29CDEF990005D35B /* Extensions */ = {
			isa = PBXGroup;
			children = (
				3423D1DD29CDEFB90005D35B /* UITextField+Extensions.swift */,
				3423D1DF29CDF1580005D35B /* UILabel+Extensions.swift */,
				3423D1E129CDF23F0005D35B /* UIImageView+Extensions.swift */,
				3423D1E329CDF43C0005D35B /* UIButton+Extensions.swift */,
			);
			path = Extensions;
			sourceTree = "<group>";
		};
		3488105329C8CA890048E346 = {
			isa = PBXGroup;
			children = (
				3488105E29C8CA890048E346 /* LogInVR */,
				34E52BCB2A51CF130029D1E0 /* LogInVRTests */,
				3488105D29C8CA890048E346 /* Products */,
				D8D1DF104600DFDEA06FA9C5 /* Pods */,
				D719ED7F1CDFCD406D56BE96 /* Frameworks */,
			);
			sourceTree = "<group>";
		};
		3488105D29C8CA890048E346 /* Products */ = {
			isa = PBXGroup;
			children = (
				3488105C29C8CA890048E346 /* LogInVR.app */,
				34E52BCA2A51CF130029D1E0 /* LogInVRTests.xctest */,
			);
			name = Products;
			sourceTree = "<group>";
		};
		3488105E29C8CA890048E346 /* LogInVR */ = {
			isa = PBXGroup;
			children = (
				34A916B129CA241E00977304 /* Utils */,
				34A916B429CA245100977304 /* Models */,
				34A916B729CA24A400977304 /* Mocks */,
				3488107329C8CC100048E346 /* Views */,
				3488105F29C8CA890048E346 /* AppDelegate.swift */,
				3488106129C8CA890048E346 /* SceneDelegate.swift */,
				3488106529C8CA890048E346 /* Main.storyboard */,
				3488106829C8CA8B0048E346 /* Assets.xcassets */,
				3488106A29C8CA8B0048E346 /* LaunchScreen.storyboard */,
				3488106D29C8CA8B0048E346 /* Info.plist */,
			);
			path = LogInVR;
			sourceTree = "<group>";
		};
		3488107329C8CC100048E346 /* Views */ = {
			isa = PBXGroup;
			children = (
				3488106329C8CA890048E346 /* LoginViewController.swift */,
				34A916AF29CA1E9100977304 /* HomeViewController.swift */,
			);
			path = Views;
			sourceTree = "<group>";
		};
		34A916B129CA241E00977304 /* Utils */ = {
			isa = PBXGroup;
			children = (
				3423D1DC29CDEF990005D35B /* Extensions */,
				34A916B229CA243400977304 /* Utils.swift */,
			);
			path = Utils;
			sourceTree = "<group>";
		};
		34A916B429CA245100977304 /* Models */ = {
			isa = PBXGroup;
			children = (
				34A916B529CA246700977304 /* UserModel.swift */,
			);
			path = Models;
			sourceTree = "<group>";
		};
		34A916B729CA24A400977304 /* Mocks */ = {
			isa = PBXGroup;
			children = (
				34A916B829CA251E00977304 /* Login.json */,
			);
			path = Mocks;
			sourceTree = "<group>";
		};
		34E52BCB2A51CF130029D1E0 /* LogInVRTests */ = {
			isa = PBXGroup;
			children = (
				34E52BCC2A51CF130029D1E0 /* LogInVRTests.swift */,
			);
			path = LogInVRTests;
			sourceTree = "<group>";
		};
		D719ED7F1CDFCD406D56BE96 /* Frameworks */ = {
			isa = PBXGroup;
			children = (
				7DB4BAC2B467006A304C10B3 /* Pods_LogInVR.framework */,
			);
			name = Frameworks;
			sourceTree = "<group>";
		};
		D8D1DF104600DFDEA06FA9C5 /* Pods */ = {
			isa = PBXGroup;
			children = (
				CFB5268244C35AA4AB4A1039 /* Pods-LogInVR.debug.xcconfig */,
				6ECE2C9CBC534B39989F97AC /* Pods-LogInVR.release.xcconfig */,
			);
			path = Pods;
			sourceTree = "<group>";
		};
/* End PBXGroup section */

/* Begin PBXNativeTarget section */
		3488105B29C8CA890048E346 /* LogInVR */ = {
			isa = PBXNativeTarget;
			buildConfigurationList = 3488107029C8CA8B0048E346 /* Build configuration list for PBXNativeTarget "LogInVR" */;
			buildPhases = (
				F232F3AC877D2B7C42F6E258 /* [CP] Check Pods Manifest.lock */,
				3488105829C8CA890048E346 /* Sources */,
				3488105929C8CA890048E346 /* Frameworks */,
				3488105A29C8CA890048E346 /* Resources */,
				F8E8769EAA18EB7E42457925 /* [CP] Embed Pods Frameworks */,
			);
			buildRules = (
			);
			dependencies = (
			);
			name = LogInVR;
			productName = LogInVR;
			productReference = 3488105C29C8CA890048E346 /* LogInVR.app */;
			productType = "com.apple.product-type.application";
		};
		34E52BC92A51CF130029D1E0 /* LogInVRTests */ = {
			isa = PBXNativeTarget;
			buildConfigurationList = 34E52BD22A51CF130029D1E0 /* Build configuration list for PBXNativeTarget "LogInVRTests" */;
			buildPhases = (
				34E52BC62A51CF130029D1E0 /* Sources */,
				34E52BC72A51CF130029D1E0 /* Frameworks */,
				34E52BC82A51CF130029D1E0 /* Resources */,
			);
			buildRules = (
			);
			dependencies = (
				34E52BCF2A51CF130029D1E0 /* PBXTargetDependency */,
			);
			name = LogInVRTests;
			productName = LogInVRTests;
			productReference = 34E52BCA2A51CF130029D1E0 /* LogInVRTests.xctest */;
			productType = "com.apple.product-type.bundle.unit-test";
		};
/* End PBXNativeTarget section */

/* Begin PBXProject section */
		3488105429C8CA890048E346 /* Project object */ = {
			isa = PBXProject;
			attributes = {
				BuildIndependentTargetsInParallel = 1;
				LastSwiftUpdateCheck = 1430;
				LastUpgradeCheck = 1410;
				TargetAttributes = {
					3488105B29C8CA890048E346 = {
						CreatedOnToolsVersion = 14.1;
					};
					34E52BC92A51CF130029D1E0 = {
						CreatedOnToolsVersion = 14.3.1;
						TestTargetID = 3488105B29C8CA890048E346;
					};
				};
			};
			buildConfigurationList = 3488105729C8CA890048E346 /* Build configuration list for PBXProject "LogInVR" */;
			compatibilityVersion = "Xcode 14.0";
			developmentRegion = en;
			hasScannedForEncodings = 0;
			knownRegions = (
				en,
				Base,
			);
			mainGroup = 3488105329C8CA890048E346;
			productRefGroup = 3488105D29C8CA890048E346 /* Products */;
			projectDirPath = "";
			projectRoot = "";
			targets = (
				3488105B29C8CA890048E346 /* LogInVR */,
				34E52BC92A51CF130029D1E0 /* LogInVRTests */,
			);
		};
/* End PBXProject section */

/* Begin PBXResourcesBuildPhase section */
		3488105A29C8CA890048E346 /* Resources */ = {
			isa = PBXResourcesBuildPhase;
			buildActionMask = 2147483647;
			files = (
				3488106C29C8CA8B0048E346 /* LaunchScreen.storyboard in Resources */,
				3488106929C8CA8B0048E346 /* Assets.xcassets in Resources */,
				3488106729C8CA890048E346 /* Main.storyboard in Resources */,
				34A916B929CA251E00977304 /* Login.json in Resources */,
			);
			runOnlyForDeploymentPostprocessing = 0;
		};
		34E52BC82A51CF130029D1E0 /* Resources */ = {
			isa = PBXResourcesBuildPhase;
			buildActionMask = 2147483647;
			files = (
			);
			runOnlyForDeploymentPostprocessing = 0;
		};
/* End PBXResourcesBuildPhase section */

/* Begin PBXShellScriptBuildPhase section */
		F232F3AC877D2B7C42F6E258 /* [CP] Check Pods Manifest.lock */ = {
			isa = PBXShellScriptBuildPhase;
			buildActionMask = 2147483647;
			files = (
			);
			inputFileListPaths = (
			);
			inputPaths = (
				"${PODS_PODFILE_DIR_PATH}/Podfile.lock",
				"${PODS_ROOT}/Manifest.lock",
			);
			name = "[CP] Check Pods Manifest.lock";
			outputFileListPaths = (
			);
			outputPaths = (
				"$(DERIVED_FILE_DIR)/Pods-LogInVR-checkManifestLockResult.txt",
			);
			runOnlyForDeploymentPostprocessing = 0;
			shellPath = /bin/sh;
			shellScript = "diff \"${PODS_PODFILE_DIR_PATH}/Podfile.lock\" \"${PODS_ROOT}/Manifest.lock\" > /dev/null\nif [ $? != 0 ] ; then\n    # print error to STDERR\n    echo \"error: The sandbox is not in sync with the Podfile.lock. Run 'pod install' or update your CocoaPods installation.\" >&2\n    exit 1\nfi\n# This output is used by Xcode 'outputs' to avoid re-running this script phase.\necho \"SUCCESS\" > \"${SCRIPT_OUTPUT_FILE_0}\"\n";
			showEnvVarsInLog = 0;
		};
		F8E8769EAA18EB7E42457925 /* [CP] Embed Pods Frameworks */ = {
			isa = PBXShellScriptBuildPhase;
			buildActionMask = 2147483647;
			files = (
			);
			inputFileListPaths = (
				"${PODS_ROOT}/Target Support Files/Pods-LogInVR/Pods-LogInVR-frameworks-${CONFIGURATION}-input-files.xcfilelist",
			);
			name = "[CP] Embed Pods Frameworks";
			outputFileListPaths = (
				"${PODS_ROOT}/Target Support Files/Pods-LogInVR/Pods-LogInVR-frameworks-${CONFIGURATION}-output-files.xcfilelist",
			);
			runOnlyForDeploymentPostprocessing = 0;
			shellPath = /bin/sh;
			shellScript = "\"${PODS_ROOT}/Target Support Files/Pods-LogInVR/Pods-LogInVR-frameworks.sh\"\n";
			showEnvVarsInLog = 0;
		};
/* End PBXShellScriptBuildPhase section */

/* Begin PBXSourcesBuildPhase section */
		3488105829C8CA890048E346 /* Sources */ = {
			isa = PBXSourcesBuildPhase;
			buildActionMask = 2147483647;
			files = (
				34A916B329CA243400977304 /* Utils.swift in Sources */,
				3488106429C8CA890048E346 /* LoginViewController.swift in Sources */,
				3423D1DE29CDEFB90005D35B /* UITextField+Extensions.swift in Sources */,
				3423D1E429CDF43C0005D35B /* UIButton+Extensions.swift in Sources */,
				34A916B029CA1E9100977304 /* HomeViewController.swift in Sources */,
				3423D1E029CDF1580005D35B /* UILabel+Extensions.swift in Sources */,
				3488106029C8CA890048E346 /* AppDelegate.swift in Sources */,
				3423D1E229CDF23F0005D35B /* UIImageView+Extensions.swift in Sources */,
				34A916B629CA246700977304 /* UserModel.swift in Sources */,
				3488106229C8CA890048E346 /* SceneDelegate.swift in Sources */,
			);
			runOnlyForDeploymentPostprocessing = 0;
		};
		34E52BC62A51CF130029D1E0 /* Sources */ = {
			isa = PBXSourcesBuildPhase;
			buildActionMask = 2147483647;
			files = (
				34E52BCD2A51CF130029D1E0 /* LogInVRTests.swift in Sources */,
			);
			runOnlyForDeploymentPostprocessing = 0;
		};
/* End PBXSourcesBuildPhase section */

/* Begin PBXTargetDependency section */
		34E52BCF2A51CF130029D1E0 /* PBXTargetDependency */ = {
			isa = PBXTargetDependency;
			target = 3488105B29C8CA890048E346 /* LogInVR */;
			targetProxy = 34E52BCE2A51CF130029D1E0 /* PBXContainerItemProxy */;
		};
/* End PBXTargetDependency section */

/* Begin PBXVariantGroup section */
		3488106529C8CA890048E346 /* Main.storyboard */ = {
			isa = PBXVariantGroup;
			children = (
				3488106629C8CA890048E346 /* Base */,
			);
			name = Main.storyboard;
			sourceTree = "<group>";
		};
		3488106A29C8CA8B0048E346 /* LaunchScreen.storyboard */ = {
			isa = PBXVariantGroup;
			children = (
				3488106B29C8CA8B0048E346 /* Base */,
			);
			name = LaunchScreen.storyboard;
			sourceTree = "<group>";
		};
/* End PBXVariantGroup section */

/* Begin XCBuildConfiguration section */
		3488106E29C8CA8B0048E346 /* Debug */ = {
			isa = XCBuildConfiguration;
			buildSettings = {
				ALWAYS_SEARCH_USER_PATHS = NO;
				CLANG_ANALYZER_NONNULL = YES;
				CLANG_ANALYZER_NUMBER_OBJECT_CONVERSION = YES_AGGRESSIVE;
				CLANG_CXX_LANGUAGE_STANDARD = "gnu++20";
				CLANG_ENABLE_MODULES = YES;
				CLANG_ENABLE_OBJC_ARC = YES;
				CLANG_ENABLE_OBJC_WEAK = YES;
				CLANG_WARN_BLOCK_CAPTURE_AUTORELEASING = YES;
				CLANG_WARN_BOOL_CONVERSION = YES;
				CLANG_WARN_COMMA = YES;
				CLANG_WARN_CONSTANT_CONVERSION = YES;
				CLANG_WARN_DEPRECATED_OBJC_IMPLEMENTATIONS = YES;
				CLANG_WARN_DIRECT_OBJC_ISA_USAGE = YES_ERROR;
				CLANG_WARN_DOCUMENTATION_COMMENTS = YES;
				CLANG_WARN_EMPTY_BODY = YES;
				CLANG_WARN_ENUM_CONVERSION = YES;
				CLANG_WARN_INFINITE_RECURSION = YES;
				CLANG_WARN_INT_CONVERSION = YES;
				CLANG_WARN_NON_LITERAL_NULL_CONVERSION = YES;
				CLANG_WARN_OBJC_IMPLICIT_RETAIN_SELF = YES;
				CLANG_WARN_OBJC_LITERAL_CONVERSION = YES;
				CLANG_WARN_OBJC_ROOT_CLASS = YES_ERROR;
				CLANG_WARN_QUOTED_INCLUDE_IN_FRAMEWORK_HEADER = YES;
				CLANG_WARN_RANGE_LOOP_ANALYSIS = YES;
				CLANG_WARN_STRICT_PROTOTYPES = YES;
				CLANG_WARN_SUSPICIOUS_MOVE = YES;
				CLANG_WARN_UNGUARDED_AVAILABILITY = YES_AGGRESSIVE;
				CLANG_WARN_UNREACHABLE_CODE = YES;
				CLANG_WARN__DUPLICATE_METHOD_MATCH = YES;
				COPY_PHASE_STRIP = NO;
				DEBUG_INFORMATION_FORMAT = dwarf;
				ENABLE_STRICT_OBJC_MSGSEND = YES;
				ENABLE_TESTABILITY = YES;
				GCC_C_LANGUAGE_STANDARD = gnu11;
				GCC_DYNAMIC_NO_PIC = NO;
				GCC_NO_COMMON_BLOCKS = YES;
				GCC_OPTIMIZATION_LEVEL = 0;
				GCC_PREPROCESSOR_DEFINITIONS = (
					"DEBUG=1",
					"$(inherited)",
				);
				GCC_WARN_64_TO_32_BIT_CONVERSION = YES;
				GCC_WARN_ABOUT_RETURN_TYPE = YES_ERROR;
				GCC_WARN_UNDECLARED_SELECTOR = YES;
				GCC_WARN_UNINITIALIZED_AUTOS = YES_AGGRESSIVE;
				GCC_WARN_UNUSED_FUNCTION = YES;
				GCC_WARN_UNUSED_VARIABLE = YES;
				IPHONEOS_DEPLOYMENT_TARGET = 16.1;
				MTL_ENABLE_DEBUG_INFO = INCLUDE_SOURCE;
				MTL_FAST_MATH = YES;
				ONLY_ACTIVE_ARCH = YES;
				SDKROOT = iphoneos;
				SWIFT_ACTIVE_COMPILATION_CONDITIONS = DEBUG;
				SWIFT_OPTIMIZATION_LEVEL = "-Onone";
			};
			name = Debug;
		};
		3488106F29C8CA8B0048E346 /* Release */ = {
			isa = XCBuildConfiguration;
			buildSettings = {
				ALWAYS_SEARCH_USER_PATHS = NO;
				CLANG_ANALYZER_NONNULL = YES;
				CLANG_ANALYZER_NUMBER_OBJECT_CONVERSION = YES_AGGRESSIVE;
				CLANG_CXX_LANGUAGE_STANDARD = "gnu++20";
				CLANG_ENABLE_MODULES = YES;
				CLANG_ENABLE_OBJC_ARC = YES;
				CLANG_ENABLE_OBJC_WEAK = YES;
				CLANG_WARN_BLOCK_CAPTURE_AUTORELEASING = YES;
				CLANG_WARN_BOOL_CONVERSION = YES;
				CLANG_WARN_COMMA = YES;
				CLANG_WARN_CONSTANT_CONVERSION = YES;
				CLANG_WARN_DEPRECATED_OBJC_IMPLEMENTATIONS = YES;
				CLANG_WARN_DIRECT_OBJC_ISA_USAGE = YES_ERROR;
				CLANG_WARN_DOCUMENTATION_COMMENTS = YES;
				CLANG_WARN_EMPTY_BODY = YES;
				CLANG_WARN_ENUM_CONVERSION = YES;
				CLANG_WARN_INFINITE_RECURSION = YES;
				CLANG_WARN_INT_CONVERSION = YES;
				CLANG_WARN_NON_LITERAL_NULL_CONVERSION = YES;
				CLANG_WARN_OBJC_IMPLICIT_RETAIN_SELF = YES;
				CLANG_WARN_OBJC_LITERAL_CONVERSION = YES;
				CLANG_WARN_OBJC_ROOT_CLASS = YES_ERROR;
				CLANG_WARN_QUOTED_INCLUDE_IN_FRAMEWORK_HEADER = YES;
				CLANG_WARN_RANGE_LOOP_ANALYSIS = YES;
				CLANG_WARN_STRICT_PROTOTYPES = YES;
				CLANG_WARN_SUSPICIOUS_MOVE = YES;
				CLANG_WARN_UNGUARDED_AVAILABILITY = YES_AGGRESSIVE;
				CLANG_WARN_UNREACHABLE_CODE = YES;
				CLANG_WARN__DUPLICATE_METHOD_MATCH = YES;
				COPY_PHASE_STRIP = NO;
				DEBUG_INFORMATION_FORMAT = "dwarf-with-dsym";
				ENABLE_NS_ASSERTIONS = NO;
				ENABLE_STRICT_OBJC_MSGSEND = YES;
				GCC_C_LANGUAGE_STANDARD = gnu11;
				GCC_NO_COMMON_BLOCKS = YES;
				GCC_WARN_64_TO_32_BIT_CONVERSION = YES;
				GCC_WARN_ABOUT_RETURN_TYPE = YES_ERROR;
				GCC_WARN_UNDECLARED_SELECTOR = YES;
				GCC_WARN_UNINITIALIZED_AUTOS = YES_AGGRESSIVE;
				GCC_WARN_UNUSED_FUNCTION = YES;
				GCC_WARN_UNUSED_VARIABLE = YES;
				IPHONEOS_DEPLOYMENT_TARGET = 16.1;
				MTL_ENABLE_DEBUG_INFO = NO;
				MTL_FAST_MATH = YES;
				SDKROOT = iphoneos;
				SWIFT_COMPILATION_MODE = wholemodule;
				SWIFT_OPTIMIZATION_LEVEL = "-O";
				VALIDATE_PRODUCT = YES;
			};
			name = Release;
		};
		3488107129C8CA8B0048E346 /* Debug */ = {
			isa = XCBuildConfiguration;
			baseConfigurationReference = CFB5268244C35AA4AB4A1039 /* Pods-LogInVR.debug.xcconfig */;
			buildSettings = {
				ASSETCATALOG_COMPILER_APPICON_NAME = AppIcon;
				ASSETCATALOG_COMPILER_GLOBAL_ACCENT_COLOR_NAME = AccentColor;
				CODE_SIGN_STYLE = Automatic;
				CURRENT_PROJECT_VERSION = 1;
				GENERATE_INFOPLIST_FILE = YES;
				INFOPLIST_FILE = LogInVR/Info.plist;
				INFOPLIST_KEY_UIApplicationSupportsIndirectInputEvents = YES;
				INFOPLIST_KEY_UILaunchStoryboardName = LaunchScreen;
				INFOPLIST_KEY_UIMainStoryboardFile = Main;
				INFOPLIST_KEY_UISupportedInterfaceOrientations_iPad = "UIInterfaceOrientationPortrait UIInterfaceOrientationPortraitUpsideDown UIInterfaceOrientationLandscapeLeft UIInterfaceOrientationLandscapeRight";
				INFOPLIST_KEY_UISupportedInterfaceOrientations_iPhone = "UIInterfaceOrientationPortrait UIInterfaceOrientationLandscapeLeft UIInterfaceOrientationLandscapeRight";
				LD_RUNPATH_SEARCH_PATHS = (
					"$(inherited)",
					"@executable_path/Frameworks",
				);
				MARKETING_VERSION = 1.0;
				PRODUCT_BUNDLE_IDENTIFIER = com.quarantasis.LogInVR;
				PRODUCT_NAME = "$(TARGET_NAME)";
				SWIFT_EMIT_LOC_STRINGS = YES;
				SWIFT_VERSION = 5.0;
				TARGETED_DEVICE_FAMILY = "1,2";
			};
			name = Debug;
		};
		3488107229C8CA8B0048E346 /* Release */ = {
			isa = XCBuildConfiguration;
			baseConfigurationReference = 6ECE2C9CBC534B39989F97AC /* Pods-LogInVR.release.xcconfig */;
			buildSettings = {
				ASSETCATALOG_COMPILER_APPICON_NAME = AppIcon;
				ASSETCATALOG_COMPILER_GLOBAL_ACCENT_COLOR_NAME = AccentColor;
				CODE_SIGN_STYLE = Automatic;
				CURRENT_PROJECT_VERSION = 1;
				GENERATE_INFOPLIST_FILE = YES;
				INFOPLIST_FILE = LogInVR/Info.plist;
				INFOPLIST_KEY_UIApplicationSupportsIndirectInputEvents = YES;
				INFOPLIST_KEY_UILaunchStoryboardName = LaunchScreen;
				INFOPLIST_KEY_UIMainStoryboardFile = Main;
				INFOPLIST_KEY_UISupportedInterfaceOrientations_iPad = "UIInterfaceOrientationPortrait UIInterfaceOrientationPortraitUpsideDown UIInterfaceOrientationLandscapeLeft UIInterfaceOrientationLandscapeRight";
				INFOPLIST_KEY_UISupportedInterfaceOrientations_iPhone = "UIInterfaceOrientationPortrait UIInterfaceOrientationLandscapeLeft UIInterfaceOrientationLandscapeRight";
				LD_RUNPATH_SEARCH_PATHS = (
					"$(inherited)",
					"@executable_path/Frameworks",
				);
				MARKETING_VERSION = 1.0;
				PRODUCT_BUNDLE_IDENTIFIER = com.quarantasis.LogInVR;
				PRODUCT_NAME = "$(TARGET_NAME)";
				SWIFT_EMIT_LOC_STRINGS = YES;
				SWIFT_VERSION = 5.0;
				TARGETED_DEVICE_FAMILY = "1,2";
			};
			name = Release;
		};
		34E52BD02A51CF130029D1E0 /* Debug */ = {
			isa = XCBuildConfiguration;
			buildSettings = {
				BUNDLE_LOADER = "$(TEST_HOST)";
				CODE_SIGN_STYLE = Automatic;
				CURRENT_PROJECT_VERSION = 1;
				DEVELOPMENT_TEAM = 4XAMG487KR;
				GENERATE_INFOPLIST_FILE = YES;
				IPHONEOS_DEPLOYMENT_TARGET = 16.4;
				MARKETING_VERSION = 1.0;
				PRODUCT_BUNDLE_IDENTIFIER = com.quarantasis.LogInVRTests;
				PRODUCT_NAME = "$(TARGET_NAME)";
				SWIFT_EMIT_LOC_STRINGS = NO;
				SWIFT_VERSION = 5.0;
				TARGETED_DEVICE_FAMILY = "1,2";
				TEST_HOST = "$(BUILT_PRODUCTS_DIR)/LogInVR.app/$(BUNDLE_EXECUTABLE_FOLDER_PATH)/LogInVR";
			};
			name = Debug;
		};
		34E52BD12A51CF130029D1E0 /* Release */ = {
			isa = XCBuildConfiguration;
			buildSettings = {
				BUNDLE_LOADER = "$(TEST_HOST)";
				CODE_SIGN_STYLE = Automatic;
				CURRENT_PROJECT_VERSION = 1;
				DEVELOPMENT_TEAM = 4XAMG487KR;
				GENERATE_INFOPLIST_FILE = YES;
				IPHONEOS_DEPLOYMENT_TARGET = 16.4;
				MARKETING_VERSION = 1.0;
				PRODUCT_BUNDLE_IDENTIFIER = com.quarantasis.LogInVRTests;
				PRODUCT_NAME = "$(TARGET_NAME)";
				SWIFT_EMIT_LOC_STRINGS = NO;
				SWIFT_VERSION = 5.0;
				TARGETED_DEVICE_FAMILY = "1,2";
				TEST_HOST = "$(BUILT_PRODUCTS_DIR)/LogInVR.app/$(BUNDLE_EXECUTABLE_FOLDER_PATH)/LogInVR";
			};
			name = Release;
		};
/* End XCBuildConfiguration section */

/* Begin XCConfigurationList section */
		3488105729C8CA890048E346 /* Build configuration list for PBXProject "LogInVR" */ = {
			isa = XCConfigurationList;
			buildConfigurations = (
				3488106E29C8CA8B0048E346 /* Debug */,
				3488106F29C8CA8B0048E346 /* Release */,
			);
			defaultConfigurationIsVisible = 0;
			defaultConfigurationName = Release;
		};
		3488107029C8CA8B0048E346 /* Build configuration list for PBXNativeTarget "LogInVR" */ = {
			isa = XCConfigurationList;
			buildConfigurations = (
				3488107129C8CA8B0048E346 /* Debug */,
				3488107229C8CA8B0048E346 /* Release */,
			);
			defaultConfigurationIsVisible = 0;
			defaultConfigurationName = Release;
		};
		34E52BD22A51CF130029D1E0 /* Build configuration list for PBXNativeTarget "LogInVRTests" */ = {
			isa = XCConfigurationList;
			buildConfigurations = (
				34E52BD02A51CF130029D1E0 /* Debug */,
				34E52BD12A51CF130029D1E0 /* Release */,
			);
			defaultConfigurationIsVisible = 0;
			defaultConfigurationName = Release;
		};
/* End XCConfigurationList section */
	};
	rootObject = 3488105429C8CA890048E346 /* Project object */;
}
